github.com/btcsuite/btcd v0.0.0-20171128150713-2e60448ffcc6 h1:Eey/GGQ/E5Xp1P2Lyx1qj007hLZfbi0+CoVeJruGCtI=
github.com/btcsuite/btcd v0.0.0-20171128150713-2e60448ffcc6/go.mod h1:Dmm/EzmjnCiweXmzRIAiUWCInVmPgjkzgv5k4tVyXiQ=
github.com/btcsuite/btcutil v0.0.0-20170726183619-501929d3d046 h1:U/592rFHSSO4Vl5CO6XOvcx+Q2p+re6nUlu6J7oCv5c=
github.com/btcsuite/btcutil v0.0.0-20170726183619-501929d3d046/go.mod h1:+5NJ2+qvTyV9exUAL/rxXi3DcLg2Ts+ymUAY5y4NvMg=
github.com/davecgh/go-spew v1.1.1 h1:vj9j/u1bqnvCEfJOwUhtlOARqs3+rkHYY13jYWTU97c=
github.com/davecgh/go-spew v1.1.1/go.mod h1:J7Y8YcW2NihsgmVo/mv3lAwl/skON4iLHjSsI+c5H38=
github.com/ethereum/go-ethereum v1.7.3 h1:cIQexA1H3uOxgbFbd3EY2Bb/uqxxHvwDa5AiI3mDKvw=
github.com/ethereum/go-ethereum v1.7.3/go.mod h1:PwpWDrCLZrV+tfrhqqF6kPknbISMHaJv9Ln3kPCZLwY=
github.com/golang/crypto v0.0.0-20171228081715-95a4943f35d0 h1:tDOrRFDr5X12fjpk4fsTBXqDK1lLAMP/2KA9RXtlmm0=
github.com/golang/crypto v0.0.0-20171228081715-95a4943f35d0/go.mod h1:uZvAcrsnNaCxlh1HorK5dUQHGmEKPh2H/Rl1kehswPo=
github.com/kr/pretty v0.2.1 h1:Fmg33tUaq4/8ym9TJN1x7sLJnHVwhP33CNkpYV/7rwI=
github.com/kr/pretty v0.2.1/go.mod h1:ipq/a2n7PKx3OHsz4KJII5eveXtPO4qwEXGdVfWzfnI=
github.com/kr/pty v1.1.1/go.mod h1:pFQYn66WHrOpPYNljwOMqo10TkYh1fy3cYio2l3bCsQ=
github.com/kr/text v0.1.0 h1:45sCR5RtlFHMR4UwH9sdQ5TC8v0qDQCHnXt+kaKSTVE=
github.com/kr/text v0.1.0/go.mod h1:4Jbv+DJW3UT/LiOwJeYQe1efqtUx/iVham/4vfdArNI=
github.com/patcito/monero v0.0.0-20180114122833-b11a914aef1a h1:oRJ9H0LNVUigQAz9u23EP5fOVITj1VWKvBbfAoZ5ZSQ=
github.com/patcito/monero v0.0.0-20180114122833-b11a914aef1a/go.mod h1:zLzFhlTFz6Hznd0Ni3BCoY7ZE2e93M8PEhX6Xn/JYuc=
github.com/vsergeev/btckeygenie v1.0.1-0.20170320112611-bcbf17fcb87b h1:Z1YESBHTmNBOVFklCaUu8t+Mm3YWjU8HT08Mb7eayLU=
github.com/vsergeev/btckeygenie v1.0.1-0.20170320112611-bcbf17fcb87b/go.mod h1:FupTp/XhIleYcObyU5Mi19KLu0eGVEGavNkdtMf0ZDI=
golang.org/x/crypto v0.0.0-20190308221718-c2843e01d9a2/go.mod h1:djNgcEr1/C05ACkg1iLfiJU5Ep61QUkGW8qpdssI0+w=
golang.org/x/crypto v0.0.0-20201203163018-be400aefbc4c h1:9HhBz5L/UjnK9XLtiZhYAdue5BVKep3PMmS2LuPDt8k=
golang.org/x/crypto v0.0.0-20201203163018-be400aefbc4c/go.mod h1:jdWPYTVW3xRLrWPugEBEK3UY2ZEsg3UU495nc5E+M+I=
golang.org/x/net v0.0.0-20190404232315-eb5bcb51f2a3/go.mod h1:t9HGtf8HONx5eT2rtn7q6eTqICYqUVnKs3thJo3Qplg=
golang.org/x/sys v0.0.0-20190215142949-d0b11bdaac8a/go.mod h1:STP8DvDyc/dI5b8T5hshtkjS+E42TnysNCUPdjciGhY=
golang.org/x/sys v0.0.0-20191026070338-33540a1f6037 h1:YyJpGZS1sBuBCzLAR1VEpK193GlqGZbnPFnPV/5Rsb4=
golang.org/x/sys v0.0.0-20191026070338-33540a1f6037/go.mod h1:h1NjWce9XRLGQEsW7wpKNCjG9DtNlClVuFLEZdDNbEs=
golang.org/x/term v0.0.0-20201117132131-f5c789dd3221/go.mod h1:Nr5EML6q2oocZ2LXRh80K7BxOlk5/8JxuGnuhpl+muw=
golang.org/x/text v0.3.0/go.mod h1:NqM8EUOU14njkJ3fqMW+pc6Ldnwhi/IjpwHt7yyuwOQ=
gopkg.in/check.v1 v1.0.0-20201130134442-10cb98267c6c h1:Hei/4ADfdWqJk1ZMxUNpqntNwaWcugrBjAiHlqqRiVk=
gopkg.in/check.v1 v1.0.0-20201130134442-10cb98267c6c/go.mod h1:JHkPIbrfpd72SG/EVd6muEfDQjcINNoR0C8j2r3qZ4Q=
