# This file is autogenerated, do not edit; changes may be undone by the next 'dep ensure'.


[[projects]]
  branch = "master"
  name = "github.com/btcsuite/btcd"
  packages = ["btcec"]
  revision = "2e60448ffcc6bf78332d1fe590260095f554dd78"

[[projects]]
  branch = "master"
  name = "github.com/btcsuite/btcutil"
  packages = ["base58"]
  revision = "501929d3d046174c3d39f0ea54ece471aa17238c"

[[projects]]
  name = "github.com/ethereum/go-ethereum"
  packages = [
    "common",
    "common/hexutil",
    "common/math",
    "crypto",
    "crypto/secp256k1",
    "crypto/sha3",
    "rlp"
  ]
  revision = "4bb3c89d44e372e6a9ab85a8be0c9345265c763a"
  version = "v1.7.3"

[[projects]]
  branch = "master"
  name = "github.com/golang/crypto"
  packages = ["argon2"]
  revision = "95a4943f35d008beabde8c11e5075a1b714e6419"

[[projects]]
  branch = "master"
  name = "github.com/patcito/monero"
  packages = [
    ".",
    "base58",
    "crypto"
  ]
  revision = "b11a914aef1a67a1b5f15cd4289fd44ea49dc0cc"

[[projects]]
  branch = "master"
  name = "github.com/vsergeev/btckeygenie"
  packages = ["btckey"]
  revision = "bcbf17fcb87bd43681bef0cdcc528f1d836a6b61"

[[projects]]
  branch = "master"
  name = "golang.org/x/crypto"
  packages = [
    "blake2b",
    "pbkdf2",
    "ripemd160"
  ]
  revision = "95a4943f35d008beabde8c11e5075a1b714e6419"

[solve-meta]
  analyzer-name = "dep"
  analyzer-version = 1
  inputs-digest = "918c3e6cae919bcf7c123b9bbff688e80ebd7b40f1826d89309e832c3587519d"
  solver-name = "gps-cdcl"
  solver-version = 1
