# This file is autogenerated, do not edit; changes may be undone by the next 'dep ensure'.


[[projects]]
  digest = "1:477f6df8a1915abb180d730179a4a45212328effdf98cc6ca5b0e5741db00125"
  name = "github.com/btcsuite/btcd"
  packages = ["btcec"]
  pruneopts = "UT"
  revision = "2e60448ffcc6bf78332d1fe590260095f554dd78"

[[projects]]
  digest = "1:95f4fdfbc8d7723bd21e467aabe98d86f06d3e2557b1ba92bf9df8aea6706784"
  name = "github.com/btcsuite/btcutil"
  packages = ["base58"]
  pruneopts = "UT"
  revision = "b2bf7f89d674a3702182b7e15f52807896051af3"
  version = "v1.0.2"

[[projects]]
  digest = "1:a868f7a3f9d763e197ce2a479cf5b7a9b1e8c3478c9596a2b8b8213c994ef1a4"
  name = "github.com/ethereum/go-ethereum"
  packages = [
    "common",
    "common/hexutil",
    "common/math",
    "crypto",
    "crypto/secp256k1",
    "rlp",
  ]
  pruneopts = "UT"
  revision = "e76047e9f5499b58064bddde514dd3119a090adf"
  version = "v1.9.2"

[[projects]]
  digest = "1:b10553df4629953edf75103cefeddcdf71435081b5e8fbddb7d92c563d8da7f9"
  name = "github.com/golang/crypto"
  packages = ["argon2"]
  pruneopts = "UT"
  revision = "8e447d8cc585b0089d1938b8747264783295e65f"
  version = "v0.10.0"

[[projects]]
  branch = "master"
  digest = "1:c30347a4cebfac2fb3fc6bc2b29d3a74834f9f225d1996741ea988ce62d2dfb0"
  name = "github.com/patcito/monero"
  packages = [
    ".",
    "base58",
    "crypto",
  ]
  pruneopts = "UT"
  revision = "b11a914aef1a67a1b5f15cd4289fd44ea49dc0cc"

[[projects]]
  digest = "1:2ae82c5411b883701a05344896d2500b0e7984316eef8864120db4af38bbc537"
  name = "github.com/vsergeev/btckeygenie"
  packages = ["btckey"]
  pruneopts = "UT"
  revision = "413cbe3261adadbc974cecdbb4ea0b86c813c1a0"
  version = "v1.1.0"

[[projects]]
  digest = "1:d847b7313607f94ca228c73b335c0678de9fe192b1276f49f20f567b29deb5d8"
  name = "golang.org/x/crypto"
  packages = [
    "blake2b",
    "pbkdf2",
    "ripemd160",
    "sha3",
  ]
  pruneopts = "UT"
  revision = "8e447d8cc585b0089d1938b8747264783295e65f"
  version = "v0.10.0"

[[projects]]
  digest = "1:cd75374b63e333c791de6a1de7a0e175cf1c3e32ad30bad306d05bc4d3883e69"
  name = "golang.org/x/sys"
  packages = ["cpu"]
  pruneopts = "UT"
  revision = "55b11dcdae8194618ad245a452849aa95e461114"
  version = "v0.9.0"

[solve-meta]
  analyzer-name = "dep"
  analyzer-version = 1
  input-imports = [
    "github.com/btcsuite/btcutil/base58",
    "github.com/ethereum/go-ethereum/crypto",
    "github.com/golang/crypto/argon2",
    "github.com/patcito/monero",
    "github.com/patcito/monero/crypto",
    "github.com/vsergeev/btckeygenie/btckey",
    "golang.org/x/crypto/pbkdf2",
  ]
  solver-name = "gps-cdcl"
  solver-version = 1
